
Microsoft Visual Studio Solution File, Format Version 12.00
# Visual Studio Version 17
VisualStudioVersion = 17.4.33122.133
MinimumVisualStudioVersion = 10.0.40219.1
Project("{2150E333-8FDC-42A3-9474-1A3956D46DE8}") = "2.Database", "2.Database", "{F8BA0D72-8C9B-49B5-A073-87D5A6F5B192}"
EndProject
Project("{2150E333-8FDC-42A3-9474-1A3956D46DE8}") = "3.Business", "3.Business", "{944B651C-118D-472E-9EE8-7DE6BACC8F6F}"
EndProject
Project("{2150E333-8FDC-42A3-9474-1A3956D46DE8}") = "1.Documents", "1.Documents", "{C84D58F4-BE2B-4D91-B910-D5985A01667F}"
EndProject
Project("{2150E333-8FDC-42A3-9474-1A3956D46DE8}") = "4.API", "4.API", "{81DCBE9E-FD95-4A12-A750-34567B1F5232}"
EndProject
Project("{2150E333-8FDC-42A3-9474-1A3956D46DE8}") = "5.UI", "5.UI", "{E7277054-6E32-4487-8349-E9CBBF3F2EFF}"
EndProject
Project("{FAE04EC0-301F-11D3-BF4B-00C04F79EFBC}") = "HappyMenu.Entities", "Database\HappyMenu.Entities\HappyMenu.Entities.csproj", "{C45CACC2-FF72-4B1C-BA81-1B5E2C6A49F6}"
EndProject
Project("{FAE04EC0-301F-11D3-BF4B-00C04F79EFBC}") = "HappyMenu.DbContext", "Database\HappyMenu.DbContext\HappyMenu.DbContext.csproj", "{F1F7A4D9-4F81-4F53-9CBD-32D46205255F}"
EndProject
Project("{FAE04EC0-301F-11D3-BF4B-00C04F79EFBC}") = "HappyMenu.Services", "Business\HappyMenu.Services\HappyMenu.Services.csproj", "{337954D3-E7B4-4342-A53F-1E5040DEC16D}"
EndProject
Project("{FAE04EC0-301F-11D3-BF4B-00C04F79EFBC}") = "HappyMenu.ViewModels", "Business\HappyMenu.ViewModels\HappyMenu.ViewModels.csproj", "{AD699256-98C9-4381-8645-94E68ACBA47C}"
EndProject
Project("{FAE04EC0-301F-11D3-BF4B-00C04F79EFBC}") = "HappyMenu.WebApi", "API\HappyMenu.WebApi\HappyMenu.WebApi.csproj", "{EF90E4DF-3566-4AD7-BDF0-7A03BA6411E8}"
EndProject
Project("{FAE04EC0-301F-11D3-BF4B-00C04F79EFBC}") = "HappyMenu.Web", "UI\HappyMenu.Web\HappyMenu.Web.csproj", "{CAD8590A-A446-46BB-83AB-79C8B6DF02C2}"
EndProject
Project("{2150E333-8FDC-42A3-9474-1A3956D46DE8}") = "Solution Items", "Solution Items", "{CCBADDE0-3DF0-4662-9F2F-691A31B2188A}"
	ProjectSection(SolutionItems) = preProject
		README.md = README.md
	EndProjectSection
EndProject
Global
	GlobalSection(SolutionConfigurationPlatforms) = preSolution
		Debug|Any CPU = Debug|Any CPU
		Release|Any CPU = Release|Any CPU
	EndGlobalSection
	GlobalSection(ProjectConfigurationPlatforms) = postSolution
		{C45CACC2-FF72-4B1C-BA81-1B5E2C6A49F6}.Debug|Any CPU.ActiveCfg = Debug|Any CPU
		{C45CACC2-FF72-4B1C-BA81-1B5E2C6A49F6}.Debug|Any CPU.Build.0 = Debug|Any CPU
		{C45CACC2-FF72-4B1C-BA81-1B5E2C6A49F6}.Release|Any CPU.ActiveCfg = Release|Any CPU
		{C45CACC2-FF72-4B1C-BA81-1B5E2C6A49F6}.Release|Any CPU.Build.0 = Release|Any CPU
		{F1F7A4D9-4F81-4F53-9CBD-32D46205255F}.Debug|Any CPU.ActiveCfg = Debug|Any CPU
		{F1F7A4D9-4F81-4F53-9CBD-32D46205255F}.Debug|Any CPU.Build.0 = Debug|Any CPU
		{F1F7A4D9-4F81-4F53-9CBD-32D46205255F}.Release|Any CPU.ActiveCfg = Release|Any CPU
		{F1F7A4D9-4F81-4F53-9CBD-32D46205255F}.Release|Any CPU.Build.0 = Release|Any CPU
		{337954D3-E7B4-4342-A53F-1E5040DEC16D}.Debug|Any CPU.ActiveCfg = Debug|Any CPU
		{337954D3-E7B4-4342-A53F-1E5040DEC16D}.Debug|Any CPU.Build.0 = Debug|Any CPU
		{337954D3-E7B4-4342-A53F-1E5040DEC16D}.Release|Any CPU.ActiveCfg = Release|Any CPU
		{337954D3-E7B4-4342-A53F-1E5040DEC16D}.Release|Any CPU.Build.0 = Release|Any CPU
		{AD699256-98C9-4381-8645-94E68ACBA47C}.Debug|Any CPU.ActiveCfg = Debug|Any CPU
		{AD699256-98C9-4381-8645-94E68ACBA47C}.Debug|Any CPU.Build.0 = Debug|Any CPU
		{AD699256-98C9-4381-8645-94E68ACBA47C}.Release|Any CPU.ActiveCfg = Release|Any CPU
		{AD699256-98C9-4381-8645-94E68ACBA47C}.Release|Any CPU.Build.0 = Release|Any CPU
		{EF90E4DF-3566-4AD7-BDF0-7A03BA6411E8}.Debug|Any CPU.ActiveCfg = Debug|Any CPU
		{EF90E4DF-3566-4AD7-BDF0-7A03BA6411E8}.Debug|Any CPU.Build.0 = Debug|Any CPU
		{EF90E4DF-3566-4AD7-BDF0-7A03BA6411E8}.Release|Any CPU.ActiveCfg = Release|Any CPU
		{EF90E4DF-3566-4AD7-BDF0-7A03BA6411E8}.Release|Any CPU.Build.0 = Release|Any CPU
		{CAD8590A-A446-46BB-83AB-79C8B6DF02C2}.Debug|Any CPU.ActiveCfg = Debug|Any CPU
		{CAD8590A-A446-46BB-83AB-79C8B6DF02C2}.Debug|Any CPU.Build.0 = Debug|Any CPU
		{CAD8590A-A446-46BB-83AB-79C8B6DF02C2}.Release|Any CPU.ActiveCfg = Release|Any CPU
		{CAD8590A-A446-46BB-83AB-79C8B6DF02C2}.Release|Any CPU.Build.0 = Release|Any CPU
	EndGlobalSection
	GlobalSection(SolutionProperties) = preSolution
		HideSolutionNode = FALSE
	EndGlobalSection
	GlobalSection(NestedProjects) = preSolution
		{C45CACC2-FF72-4B1C-BA81-1B5E2C6A49F6} = {F8BA0D72-8C9B-49B5-A073-87D5A6F5B192}
		{F1F7A4D9-4F81-4F53-9CBD-32D46205255F} = {F8BA0D72-8C9B-49B5-A073-87D5A6F5B192}
		{337954D3-E7B4-4342-A53F-1E5040DEC16D} = {944B651C-118D-472E-9EE8-7DE6BACC8F6F}
		{AD699256-98C9-4381-8645-94E68ACBA47C} = {944B651C-118D-472E-9EE8-7DE6BACC8F6F}
		{EF90E4DF-3566-4AD7-BDF0-7A03BA6411E8} = {81DCBE9E-FD95-4A12-A750-34567B1F5232}
		{CAD8590A-A446-46BB-83AB-79C8B6DF02C2} = {E7277054-6E32-4487-8349-E9CBBF3F2EFF}
	EndGlobalSection
	GlobalSection(ExtensibilityGlobals) = postSolution
		SolutionGuid = {39FBCBC1-FC7E-4DDB-A1DB-02D16E36743E}
	EndGlobalSection
EndGlobal
